// !$*UTF8*$!
{
	archiveVersion = 1;
	classes = {
	};
	objectVersion = 46;
	objects = {

/* Begin PBXBuildFile section */
		F6473D861C9E802E000E7D50 /* AppDelegate.swift in Sources */ = {isa = PBXBuildFile; fileRef = F6473D851C9E802E000E7D50 /* AppDelegate.swift */; };
		F6473D881C9E802E000E7D50 /* ViewController.swift in Sources */ = {isa = PBXBuildFile; fileRef = F6473D871C9E802E000E7D50 /* ViewController.swift */; };
		F6473D8B1C9E802E000E7D50 /* Main.storyboard in Resources */ = {isa = PBXBuildFile; fileRef = F6473D891C9E802E000E7D50 /* Main.storyboard */; };
		F6473D8E1C9E802E000E7D50 /* UCI9DC_S8_Instagram.xcdatamodeld in Sources */ = {isa = PBXBuildFile; fileRef = F6473D8C1C9E802E000E7D50 /* UCI9DC_S8_Instagram.xcdatamodeld */; };
		F6473D901C9E802E000E7D50 /* Assets.xcassets in Resources */ = {isa = PBXBuildFile; fileRef = F6473D8F1C9E802E000E7D50 /* Assets.xcassets */; };
		F6473D931C9E802E000E7D50 /* LaunchScreen.storyboard in Resources */ = {isa = PBXBuildFile; fileRef = F6473D911C9E802E000E7D50 /* LaunchScreen.storyboard */; };
		F6473D9C1C9E80F4000E7D50 /* Bolts.framework in Frameworks */ = {isa = PBXBuildFile; fileRef = F6473D9A1C9E80F4000E7D50 /* Bolts.framework */; };
		F6473D9D1C9E80F4000E7D50 /* Parse.framework in Frameworks */ = {isa = PBXBuildFile; fileRef = F6473D9B1C9E80F4000E7D50 /* Parse.framework */; };
		F6473D9F1C9E84F9000E7D50 /* AudioToolbox.framework in Frameworks */ = {isa = PBXBuildFile; fileRef = F6473D9E1C9E84F9000E7D50 /* AudioToolbox.framework */; };
		F6473DA11C9E8504000E7D50 /* SystemConfiguration.framework in Frameworks */ = {isa = PBXBuildFile; fileRef = F6473DA01C9E8504000E7D50 /* SystemConfiguration.framework */; };
		F6473DA31C9E8516000E7D50 /* libstdc++.6.tbd in Frameworks */ = {isa = PBXBuildFile; fileRef = F6473DA21C9E8516000E7D50 /* libstdc++.6.tbd */; };
		F6473DA51C9E8525000E7D50 /* libsqlite3.tbd in Frameworks */ = {isa = PBXBuildFile; fileRef = F6473DA41C9E8525000E7D50 /* libsqlite3.tbd */; };
/* End PBXBuildFile section */

/* Begin PBXFileReference section */
		F6473D821C9E802E000E7D50 /* UCI9DC S8 Instagram.app */ = {isa = PBXFileReference; explicitFileType = wrapper.application; includeInIndex = 0; path = "UCI9DC S8 Instagram.app"; sourceTree = BUILT_PRODUCTS_DIR; };
		F6473D851C9E802E000E7D50 /* AppDelegate.swift */ = {isa = PBXFileReference; lastKnownFileType = sourcecode.swift; path = AppDelegate.swift; sourceTree = "<group>"; };
		F6473D871C9E802E000E7D50 /* ViewController.swift */ = {isa = PBXFileReference; lastKnownFileType = sourcecode.swift; path = ViewController.swift; sourceTree = "<group>"; };
		F6473D8A1C9E802E000E7D50 /* Base */ = {isa = PBXFileReference; lastKnownFileType = file.storyboard; name = Base; path = Base.lproj/Main.storyboard; sourceTree = "<group>"; };
		F6473D8D1C9E802E000E7D50 /* UCI9DC_S8_Instagram.xcdatamodel */ = {isa = PBXFileReference; lastKnownFileType = wrapper.xcdatamodel; path = UCI9DC_S8_Instagram.xcdatamodel; sourceTree = "<group>"; };
		F6473D8F1C9E802E000E7D50 /* Assets.xcassets */ = {isa = PBXFileReference; lastKnownFileType = folder.assetcatalog; path = Assets.xcassets; sourceTree = "<group>"; };
		F6473D921C9E802E000E7D50 /* Base */ = {isa = PBXFileReference; lastKnownFileType = file.storyboard; name = Base; path = Base.lproj/LaunchScreen.storyboard; sourceTree = "<group>"; };
		F6473D941C9E802E000E7D50 /* Info.plist */ = {isa = PBXFileReference; lastKnownFileType = text.plist.xml; path = Info.plist; sourceTree = "<group>"; };
		F6473D9A1C9E80F4000E7D50 /* Bolts.framework */ = {isa = PBXFileReference; lastKnownFileType = wrapper.framework; path = Bolts.framework; sourceTree = "<group>"; };
		F6473D9B1C9E80F4000E7D50 /* Parse.framework */ = {isa = PBXFileReference; lastKnownFileType = wrapper.framework; path = Parse.framework; sourceTree = "<group>"; };
		F6473D9E1C9E84F9000E7D50 /* AudioToolbox.framework */ = {isa = PBXFileReference; lastKnownFileType = wrapper.framework; name = AudioToolbox.framework; path = System/Library/Frameworks/AudioToolbox.framework; sourceTree = SDKROOT; };
		F6473DA01C9E8504000E7D50 /* SystemConfiguration.framework */ = {isa = PBXFileReference; lastKnownFileType = wrapper.framework; name = SystemConfiguration.framework; path = System/Library/Frameworks/SystemConfiguration.framework; sourceTree = SDKROOT; };
		F6473DA21C9E8516000E7D50 /* libstdc++.6.tbd */ = {isa = PBXFileReference; lastKnownFileType = "sourcecode.text-based-dylib-definition"; name = "libstdc++.6.tbd"; path = "usr/lib/libstdc++.6.tbd"; sourceTree = SDKROOT; };
		F6473DA41C9E8525000E7D50 /* libsqlite3.tbd */ = {isa = PBXFileReference; lastKnownFileType = "sourcecode.text-based-dylib-definition"; name = libsqlite3.tbd; path = usr/lib/libsqlite3.tbd; sourceTree = SDKROOT; };
/* End PBXFileReference section */

/* Begin PBXFrameworksBuildPhase section */
		F6473D7F1C9E802E000E7D50 /* Frameworks */ = {
			isa = PBXFrameworksBuildPhase;
			buildActionMask = 2147483647;
			files = (
				F6473DA51C9E8525000E7D50 /* libsqlite3.tbd in Frameworks */,
				F6473DA31C9E8516000E7D50 /* libstdc++.6.tbd in Frameworks */,
				F6473DA11C9E8504000E7D50 /* SystemConfiguration.framework in Frameworks */,
				F6473D9F1C9E84F9000E7D50 /* AudioToolbox.framework in Frameworks */,
				F6473D9D1C9E80F4000E7D50 /* Parse.framework in Frameworks */,
				F6473D9C1C9E80F4000E7D50 /* Bolts.framework in Frameworks */,
			);
			runOnlyForDeploymentPostprocessing = 0;
		};
/* End PBXFrameworksBuildPhase section */

/* Begin PBXGroup section */
		F6473D791C9E802E000E7D50 = {
			isa = PBXGroup;
			children = (
				F6473D841C9E802E000E7D50 /* UCI9DC S8 Instagram */,
				F6473DA61C9E8564000E7D50 /* Frameworks */,
				F6473D831C9E802E000E7D50 /* Products */,
			);
			sourceTree = "<group>";
		};
		F6473D831C9E802E000E7D50 /* Products */ = {
			isa = PBXGroup;
			children = (
				F6473D821C9E802E000E7D50 /* UCI9DC S8 Instagram.app */,
			);
			name = Products;
			sourceTree = "<group>";
		};
		F6473D841C9E802E000E7D50 /* UCI9DC S8 Instagram */ = {
			isa = PBXGroup;
			children = (
				F6473D851C9E802E000E7D50 /* AppDelegate.swift */,
				F6473D871C9E802E000E7D50 /* ViewController.swift */,
				F6473D891C9E802E000E7D50 /* Main.storyboard */,
				F6473D8F1C9E802E000E7D50 /* Assets.xcassets */,
				F6473D911C9E802E000E7D50 /* LaunchScreen.storyboard */,
				F6473D941C9E802E000E7D50 /* Info.plist */,
				F6473D8C1C9E802E000E7D50 /* UCI9DC_S8_Instagram.xcdatamodeld */,
			);
			path = "UCI9DC S8 Instagram";
			sourceTree = "<group>";
		};
		F6473DA61C9E8564000E7D50 /* Frameworks */ = {
			isa = PBXGroup;
			children = (
				F6473DA41C9E8525000E7D50 /* libsqlite3.tbd */,
				F6473DA21C9E8516000E7D50 /* libstdc++.6.tbd */,
				F6473DA01C9E8504000E7D50 /* SystemConfiguration.framework */,
				F6473D9E1C9E84F9000E7D50 /* AudioToolbox.framework */,
				F6473D9A1C9E80F4000E7D50 /* Bolts.framework */,
				F6473D9B1C9E80F4000E7D50 /* Parse.framework */,
			);
			name = Frameworks;
			sourceTree = "<group>";
		};
/* End PBXGroup section */

/* Begin PBXNativeTarget section */
		F6473D811C9E802E000E7D50 /* UCI9DC S8 Instagram */ = {
			isa = PBXNativeTarget;
			buildConfigurationList = F6473D971C9E802E000E7D50 /* Build configuration list for PBXNativeTarget "UCI9DC S8 Instagram" */;
			buildPhases = (
				F6473D7E1C9E802E000E7D50 /* Sources */,
				F6473D7F1C9E802E000E7D50 /* Frameworks */,
				F6473D801C9E802E000E7D50 /* Resources */,
			);
			buildRules = (
			);
			dependencies = (
			);
			name = "UCI9DC S8 Instagram";
			productName = "UCI9DC S8 Instagram";
			productReference = F6473D821C9E802E000E7D50 /* UCI9DC S8 Instagram.app */;
			productType = "com.apple.product-type.application";
		};
/* End PBXNativeTarget section */

/* Begin PBXProject section */
		F6473D7A1C9E802E000E7D50 /* Project object */ = {
			isa = PBXProject;
			attributes = {
				LastSwiftUpdateCheck = 0720;
				LastUpgradeCheck = 0720;
				ORGANIZATIONNAME = "Stanislav Sidelnikov";
				TargetAttributes = {
					F6473D811C9E802E000E7D50 = {
						CreatedOnToolsVersion = 7.2.1;
						DevelopmentTeam = 5C9TGFA48W;
					};
				};
			};
			buildConfigurationList = F6473D7D1C9E802E000E7D50 /* Build configuration list for PBXProject "UCI9DC S8 Instagram" */;
			compatibilityVersion = "Xcode 3.2";
			developmentRegion = English;
			hasScannedForEncodings = 0;
			knownRegions = (
				en,
				Base,
			);
			mainGroup = F6473D791C9E802E000E7D50;
			productRefGroup = F6473D831C9E802E000E7D50 /* Products */;
			projectDirPath = "";
			projectRoot = "";
			targets = (
				F6473D811C9E802E000E7D50 /* UCI9DC S8 Instagram */,
			);
		};
/* End PBXProject section */

/* Begin PBXResourcesBuildPhase section */
		F6473D801C9E802E000E7D50 /* Resources */ = {
			isa = PBXResourcesBuildPhase;
			buildActionMask = 2147483647;
			files = (
				F6473D931C9E802E000E7D50 /* LaunchScreen.storyboard in Resources */,
				F6473D901C9E802E000E7D50 /* Assets.xcassets in Resources */,
				F6473D8B1C9E802E000E7D50 /* Main.storyboard in Resources */,
			);
			runOnlyForDeploymentPostprocessing = 0;
		};
/* End PBXResourcesBuildPhase section */

/* Begin PBXSourcesBuildPhase section */
		F6473D7E1C9E802E000E7D50 /* Sources */ = {
			isa = PBXSourcesBuildPhase;
			buildActionMask = 2147483647;
			files = (
				F6473D8E1C9E802E000E7D50 /* UCI9DC_S8_Instagram.xcdatamodeld in Sources */,
				F6473D881C9E802E000E7D50 /* ViewController.swift in Sources */,
				F6473D861C9E802E000E7D50 /* AppDelegate.swift in Sources */,
			);
			runOnlyForDeploymentPostprocessing = 0;
		};
/* End PBXSourcesBuildPhase section */

/* Begin PBXVariantGroup section */
		F6473D891C9E802E000E7D50 /* Main.storyboard */ = {
			isa = PBXVariantGroup;
			children = (
				F6473D8A1C9E802E000E7D50 /* Base */,
			);
			name = Main.storyboard;
			sourceTree = "<group>";
		};
		F6473D911C9E802E000E7D50 /* LaunchScreen.storyboard */ = {
			isa = PBXVariantGroup;
			children = (
				F6473D921C9E802E000E7D50 /* Base */,
			);
			name = LaunchScreen.storyboard;
			sourceTree = "<group>";
		};
/* End PBXVariantGroup section */

/* Begin XCBuildConfiguration section */
		F6473D951C9E802E000E7D50 /* Debug */ = {
			isa = XCBuildConfiguration;
			buildSettings = {
				ALWAYS_SEARCH_USER_PATHS = NO;
				CLANG_CXX_LANGUAGE_STANDARD = "gnu++0x";
				CLANG_CXX_LIBRARY = "libc++";
				CLANG_ENABLE_MODULES = YES;
				CLANG_ENABLE_OBJC_ARC = YES;
				CLANG_WARN_BOOL_CONVERSION = YES;
				CLANG_WARN_CONSTANT_CONVERSION = YES;
				CLANG_WARN_DIRECT_OBJC_ISA_USAGE = YES_ERROR;
				CLANG_WARN_EMPTY_BODY = YES;
				CLANG_WARN_ENUM_CONVERSION = YES;
				CLANG_WARN_INT_CONVERSION = YES;
				CLANG_WARN_OBJC_ROOT_CLASS = YES_ERROR;
				CLANG_WARN_UNREACHABLE_CODE = YES;
				CLANG_WARN__DUPLICATE_METHOD_MATCH = YES;
				"CODE_SIGN_IDENTITY[sdk=iphoneos*]" = "iPhone Developer";
				COPY_PHASE_STRIP = NO;
				DEBUG_INFORMATION_FORMAT = dwarf;
				ENABLE_STRICT_OBJC_MSGSEND = YES;
				ENABLE_TESTABILITY = YES;
				GCC_C_LANGUAGE_STANDARD = gnu99;
				GCC_DYNAMIC_NO_PIC = NO;
				GCC_NO_COMMON_BLOCKS = YES;
				GCC_OPTIMIZATION_LEVEL = 0;
				GCC_PREPROCESSOR_DEFINITIONS = (
					"DEBUG=1",
					"$(inherited)",
				);
				GCC_WARN_64_TO_32_BIT_CONVERSION = YES;
				GCC_WARN_ABOUT_RETURN_TYPE = YES_ERROR;
				GCC_WARN_UNDECLARED_SELECTOR = YES;
				GCC_WARN_UNINITIALIZED_AUTOS = YES_AGGRESSIVE;
				GCC_WARN_UNUSED_FUNCTION = YES;
				GCC_WARN_UNUSED_VARIABLE = YES;
				IPHONEOS_DEPLOYMENT_TARGET = 9.2;
				MTL_ENABLE_DEBUG_INFO = YES;
				ONLY_ACTIVE_ARCH = YES;
				SDKROOT = iphoneos;
				SWIFT_OPTIMIZATION_LEVEL = "-Onone";
			};
			name = Debug;
		};
		F6473D961C9E802E000E7D50 /* Release */ = {
			isa = XCBuildConfiguration;
			buildSettings = {
				ALWAYS_SEARCH_USER_PATHS = NO;
				CLANG_CXX_LANGUAGE_STANDARD = "gnu++0x";
				CLANG_CXX_LIBRARY = "libc++";
				CLANG_ENABLE_MODULES = YES;
				CLANG_ENABLE_OBJC_ARC = YES;
				CLANG_WARN_BOOL_CONVERSION = YES;
				CLANG_WARN_CONSTANT_CONVERSION = YES;
				CLANG_WARN_DIRECT_OBJC_ISA_USAGE = YES_ERROR;
				CLANG_WARN_EMPTY_BODY = YES;
				CLANG_WARN_ENUM_CONVERSION = YES;
				CLANG_WARN_INT_CONVERSION = YES;
				CLANG_WARN_OBJC_ROOT_CLASS = YES_ERROR;
				CLANG_WARN_UNREACHABLE_CODE = YES;
				CLANG_WARN__DUPLICATE_METHOD_MATCH = YES;
				"CODE_SIGN_IDENTITY[sdk=iphoneos*]" = "iPhone Developer";
				COPY_PHASE_STRIP = NO;
				DEBUG_INFORMATION_FORMAT = "dwarf-with-dsym";
				ENABLE_NS_ASSERTIONS = NO;
				ENABLE_STRICT_OBJC_MSGSEND = YES;
				GCC_C_LANGUAGE_STANDARD = gnu99;
				GCC_NO_COMMON_BLOCKS = YES;
				GCC_WARN_64_TO_32_BIT_CONVERSION = YES;
				GCC_WARN_ABOUT_RETURN_TYPE = YES_ERROR;
				GCC_WARN_UNDECLARED_SELECTOR = YES;
				GCC_WARN_UNINITIALIZED_AUTOS = YES_AGGRESSIVE;
				GCC_WARN_UNUSED_FUNCTION = YES;
				GCC_WARN_UNUSED_VARIABLE = YES;
				IPHONEOS_DEPLOYMENT_TARGET = 9.2;
				MTL_ENABLE_DEBUG_INFO = NO;
				SDKROOT = iphoneos;
				VALIDATE_PRODUCT = YES;
			};
			name = Release;
		};
		F6473D981C9E802E000E7D50 /* Debug */ = {
			isa = XCBuildConfiguration;
			buildSettings = {
				ASSETCATALOG_COMPILER_APPICON_NAME = AppIcon;
				CODE_SIGN_IDENTITY = "iPhone Developer";
				FRAMEWORK_SEARCH_PATHS = (
					"$(inherited)",
					"$(PROJECT_DIR)",
				);
				INFOPLIST_FILE = "UCI9DC S8 Instagram/Info.plist";
				LD_RUNPATH_SEARCH_PATHS = "$(inherited) @executable_path/Frameworks";
				PRODUCT_BUNDLE_IDENTIFIER = "com.stansidel.UCI9DC-S8-Instagram";
				PRODUCT_NAME = "$(TARGET_NAME)";
			};
			name = Debug;
		};
		F6473D991C9E802E000E7D50 /* Release */ = {
			isa = XCBuildConfiguration;
			buildSettings = {
				ASSETCATALOG_COMPILER_APPICON_NAME = AppIcon;
				CODE_SIGN_IDENTITY = "iPhone Developer";
				FRAMEWORK_SEARCH_PATHS = (
					"$(inherited)",
					"$(PROJECT_DIR)",
				);
				INFOPLIST_FILE = "UCI9DC S8 Instagram/Info.plist";
				LD_RUNPATH_SEARCH_PATHS = "$(inherited) @executable_path/Frameworks";
				PRODUCT_BUNDLE_IDENTIFIER = "com.stansidel.UCI9DC-S8-Instagram";
				PRODUCT_NAME = "$(TARGET_NAME)";
			};
			name = Release;
		};
/* End XCBuildConfiguration section */

/* Begin XCConfigurationList section */
		F6473D7D1C9E802E000E7D50 /* Build configuration list for PBXProject "UCI9DC S8 Instagram" */ = {
			isa = XCConfigurationList;
			buildConfigurations = (
				F6473D951C9E802E000E7D50 /* Debug */,
				F6473D961C9E802E000E7D50 /* Release */,
			);
			defaultConfigurationIsVisible = 0;
			defaultConfigurationName = Release;
		};
		F6473D971C9E802E000E7D50 /* Build configuration list for PBXNativeTarget "UCI9DC S8 Instagram" */ = {
			isa = XCConfigurationList;
			buildConfigurations = (
				F6473D981C9E802E000E7D50 /* Debug */,
				F6473D991C9E802E000E7D50 /* Release */,
			);
			defaultConfigurationIsVisible = 0;
		};
/* End XCConfigurationList section */

/* Begin XCVersionGroup section */
		F6473D8C1C9E802E000E7D50 /* UCI9DC_S8_Instagram.xcdatamodeld */ = {
			isa = XCVersionGroup;
			children = (
				F6473D8D1C9E802E000E7D50 /* UCI9DC_S8_Instagram.xcdatamodel */,
			);
			currentVersion = F6473D8D1C9E802E000E7D50 /* UCI9DC_S8_Instagram.xcdatamodel */;
			path = UCI9DC_S8_Instagram.xcdatamodeld;
			sourceTree = "<group>";
			versionGroupType = wrapper.xcdatamodel;
		};
/* End XCVersionGroup section */
	};
	rootObject = F6473D7A1C9E802E000E7D50 /* Project object */;
}
